
Microsoft Visual Studio Solution File, Format Version 12.00
# Visual Studio 15
VisualStudioVersion = 15.0.28307.1231
MinimumVisualStudioVersion = 10.0.40219.1
Project("{FAE04EC0-301F-11D3-BF4B-00C04F79EFBC}") = "drcom4scutGUI", "drcom4scutGUI\drcom4scutGUI.csproj", "{67C0C622-65A4-45DA-9485-070C490922AA}"
EndProject
Global
	GlobalSection(SolutionConfigurationPlatforms) = preSolution
		Debug|Any CPU = Debug|Any CPU
		Release|Any CPU = Release|Any CPU
	EndGlobalSection
	GlobalSection(ProjectConfigurationPlatforms) = postSolution
		{67C0C622-65A4-45DA-9485-070C490922AA}.Debug|Any CPU.ActiveCfg = Debug|Any CPU
		{67C0C622-65A4-45DA-9485-070C490922AA}.Debug|Any CPU.Build.0 = Debug|Any CPU
		{67C0C622-65A4-45DA-9485-070C490922AA}.Release|Any CPU.ActiveCfg = Release|Any CPU
		{67C0C622-65A4-45DA-9485-070C490922AA}.Release|Any CPU.Build.0 = Release|Any CPU
	EndGlobalSection
	GlobalSection(SolutionProperties) = preSolution
		HideSolutionNode = FALSE
	EndGlobalSection
	GlobalSection(ExtensibilityGlobals) = postSolution
		SolutionGuid = {2CF9E176-B648-4729-A21B-9E0BAAFD75B3}
	EndGlobalSection
EndGlobal
